{
  "originHash" : "54c422b6e6ee05e7feafaf3c3d4f05fed6d7834255e8b33030da60cc679643fd",
  "pins" : [
    {
      "identity" : "errno",
      "kind" : "remoteSourceControl",
      "location" : "https://github.com/Ponyboy47/ErrNo.git",
      "state" : {
        "revision" : "178566b112afe6bef3770678f1bbab6e5c626993",
        "version" : "0.5.2"
      }
    },
    {
      "identity" : "termios",
      "kind" : "remoteSourceControl",
      "location" : "https://github.com/ponyboy47/Termios.git",
      "state" : {
        "revision" : "220485037f5a5932dfaf1aaba621cb53ce26a44c",
        "version" : "0.1.1"
      }
    }
  ],
  "version" : 3
}
